
Microsoft Visual Studio Solution File, Format Version 12.00
# Visual Studio Version 17
VisualStudioVersion = 17.4.33403.182
MinimumVisualStudioVersion = 10.0.40219.1
Project("{2150E333-8FDC-42A3-9474-1A3956D46DE8}") = "Services", "Services", "{4943CBEC-A4FC-4AF0-B805-C14C3B340299}"
EndProject
Project("{2150E333-8FDC-42A3-9474-1A3956D46DE8}") = "Catalog", "Catalog", "{76664CA4-D6E9-4BBC-8F20-97979DE76464}"
EndProject
Project("{9A19103F-16F7-4668-BE54-9A1E7A4F7556}") = "Catalog.API", "Services\Catalog\Catalog.API\Catalog.API.csproj", "{476C3772-F68A-45CA-8804-3B727981C89D}"
EndProject
Project("{E53339B2-1760-4266-BCC7-CA923CBCF16C}") = "docker-compose", "docker-compose.dcproj", "{AF1B0F4E-54C6-4D67-A1D0-18F898BF98CC}"
EndProject
Project("{2150E333-8FDC-42A3-9474-1A3956D46DE8}") = "Basket", "Basket", "{907F076C-0F67-43BC-AC16-FBFDF1D16A32}"
EndProject
Project("{9A19103F-16F7-4668-BE54-9A1E7A4F7556}") = "Basket.API", "Services\Basket\Basket.API\Basket.API.csproj", "{DE7B7535-7C2E-4466-B6C3-7544CA44CC37}"
EndProject
Project("{2150E333-8FDC-42A3-9474-1A3956D46DE8}") = "Discount", "Discount", "{888642E6-5E0D-4AD5-ACD9-A55227DA9B6C}"
EndProject
Project("{9A19103F-16F7-4668-BE54-9A1E7A4F7556}") = "Discount.API", "Services\Discount\Discount.API\Discount.API.csproj", "{F37223A6-6339-4073-A7F9-2E4DC03EF34B}"
EndProject
Project("{9A19103F-16F7-4668-BE54-9A1E7A4F7556}") = "Discount.Grpc", "Services\Discount\Discount.Grpc\Discount.Grpc.csproj", "{91BF0318-1159-4B7F-B3A5-B1656FB65CDE}"
EndProject
Project("{2150E333-8FDC-42A3-9474-1A3956D46DE8}") = "Ordering", "Ordering", "{4EB59AB9-1F8C-465D-8422-6E40A3CCD066}"
EndProject
Project("{9A19103F-16F7-4668-BE54-9A1E7A4F7556}") = "Ordering.API", "Services\Ordering\Ordering.API\Ordering.API.csproj", "{AED2EA5C-75C4-4BDD-A279-3E2ADAD3450C}"
EndProject
Project("{9A19103F-16F7-4668-BE54-9A1E7A4F7556}") = "Ordering.Domain", "Services\Ordering\Ordering.Domain\Ordering.Domain.csproj", "{CAC30C25-4C9D-4F2A-B7DC-19751124D610}"
EndProject
Project("{9A19103F-16F7-4668-BE54-9A1E7A4F7556}") = "Ordering.Application", "Services\Ordering\Ordering.Application\Ordering.Application.csproj", "{F1AC8E64-525D-4504-8C88-E9FAE3B1DD9B}"
EndProject
Project("{9A19103F-16F7-4668-BE54-9A1E7A4F7556}") = "Ordering.Infrastructure", "Services\Ordering\Ordering.Infrastructure\Ordering.Infrastructure.csproj", "{20305144-D4ED-40E0-8E48-CD6BB5F4B3D0}"
EndProject
Project("{2150E333-8FDC-42A3-9474-1A3956D46DE8}") = "BuildingBlocks", "BuildingBlocks", "{D35DA615-B085-46CA-A1A6-57EE03D9A594}"
EndProject
Project("{9A19103F-16F7-4668-BE54-9A1E7A4F7556}") = "EventBus.Messages", "BuildingBlocks\EventBus.Messages\EventBus.Messages.csproj", "{AAAE7245-42AE-4F28-8845-BF74A75A7D67}"
EndProject
Project("{2150E333-8FDC-42A3-9474-1A3956D46DE8}") = "ApiGateways", "ApiGateways", "{C57EBCEC-D3BF-4D07-9CF9-CC2CD530C7F3}"
EndProject
Project("{9A19103F-16F7-4668-BE54-9A1E7A4F7556}") = "OcelotApiGw", "ApiGateways\OcelotApiGw\OcelotApiGw.csproj", "{8E409890-1937-473E-907B-6EC1D4A1698F}"
EndProject
Project("{9A19103F-16F7-4668-BE54-9A1E7A4F7556}") = "Shopping.Aggregator", "ApiGateways\Shopping.Aggregator\Shopping.Aggregator.csproj", "{644A20C9-FC19-4363-AF3D-673894565642}"
EndProject
Project("{2150E333-8FDC-42A3-9474-1A3956D46DE8}") = "WebApps", "WebApps", "{8EDA5780-8DA8-40AE-A8B3-51F52FC171AE}"
EndProject
Project("{9A19103F-16F7-4668-BE54-9A1E7A4F7556}") = "SmartphoneWarehouse", "WebApps\SmartPhoneWarehouse\SmartphoneWarehouse.csproj", "{5E6F167B-1FA1-434D-8E81-46113DCACA40}"
EndProject
Global
	GlobalSection(SolutionConfigurationPlatforms) = preSolution
		Debug|Any CPU = Debug|Any CPU
		Release|Any CPU = Release|Any CPU
	EndGlobalSection
	GlobalSection(ProjectConfigurationPlatforms) = postSolution
		{476C3772-F68A-45CA-8804-3B727981C89D}.Debug|Any CPU.ActiveCfg = Debug|Any CPU
		{476C3772-F68A-45CA-8804-3B727981C89D}.Debug|Any CPU.Build.0 = Debug|Any CPU
		{476C3772-F68A-45CA-8804-3B727981C89D}.Release|Any CPU.ActiveCfg = Release|Any CPU
		{476C3772-F68A-45CA-8804-3B727981C89D}.Release|Any CPU.Build.0 = Release|Any CPU
		{AF1B0F4E-54C6-4D67-A1D0-18F898BF98CC}.Debug|Any CPU.ActiveCfg = Debug|Any CPU
		{AF1B0F4E-54C6-4D67-A1D0-18F898BF98CC}.Debug|Any CPU.Build.0 = Debug|Any CPU
		{AF1B0F4E-54C6-4D67-A1D0-18F898BF98CC}.Release|Any CPU.ActiveCfg = Release|Any CPU
		{AF1B0F4E-54C6-4D67-A1D0-18F898BF98CC}.Release|Any CPU.Build.0 = Release|Any CPU
		{DE7B7535-7C2E-4466-B6C3-7544CA44CC37}.Debug|Any CPU.ActiveCfg = Debug|Any CPU
		{DE7B7535-7C2E-4466-B6C3-7544CA44CC37}.Debug|Any CPU.Build.0 = Debug|Any CPU
		{DE7B7535-7C2E-4466-B6C3-7544CA44CC37}.Release|Any CPU.ActiveCfg = Release|Any CPU
		{DE7B7535-7C2E-4466-B6C3-7544CA44CC37}.Release|Any CPU.Build.0 = Release|Any CPU
		{F37223A6-6339-4073-A7F9-2E4DC03EF34B}.Debug|Any CPU.ActiveCfg = Debug|Any CPU
		{F37223A6-6339-4073-A7F9-2E4DC03EF34B}.Debug|Any CPU.Build.0 = Debug|Any CPU
		{F37223A6-6339-4073-A7F9-2E4DC03EF34B}.Release|Any CPU.ActiveCfg = Release|Any CPU
		{F37223A6-6339-4073-A7F9-2E4DC03EF34B}.Release|Any CPU.Build.0 = Release|Any CPU
		{91BF0318-1159-4B7F-B3A5-B1656FB65CDE}.Debug|Any CPU.ActiveCfg = Debug|Any CPU
		{91BF0318-1159-4B7F-B3A5-B1656FB65CDE}.Debug|Any CPU.Build.0 = Debug|Any CPU
		{91BF0318-1159-4B7F-B3A5-B1656FB65CDE}.Release|Any CPU.ActiveCfg = Release|Any CPU
		{91BF0318-1159-4B7F-B3A5-B1656FB65CDE}.Release|Any CPU.Build.0 = Release|Any CPU
		{AED2EA5C-75C4-4BDD-A279-3E2ADAD3450C}.Debug|Any CPU.ActiveCfg = Debug|Any CPU
		{AED2EA5C-75C4-4BDD-A279-3E2ADAD3450C}.Debug|Any CPU.Build.0 = Debug|Any CPU
		{AED2EA5C-75C4-4BDD-A279-3E2ADAD3450C}.Release|Any CPU.ActiveCfg = Release|Any CPU
		{AED2EA5C-75C4-4BDD-A279-3E2ADAD3450C}.Release|Any CPU.Build.0 = Release|Any CPU
		{CAC30C25-4C9D-4F2A-B7DC-19751124D610}.Debug|Any CPU.ActiveCfg = Debug|Any CPU
		{CAC30C25-4C9D-4F2A-B7DC-19751124D610}.Debug|Any CPU.Build.0 = Debug|Any CPU
		{CAC30C25-4C9D-4F2A-B7DC-19751124D610}.Release|Any CPU.ActiveCfg = Release|Any CPU
		{CAC30C25-4C9D-4F2A-B7DC-19751124D610}.Release|Any CPU.Build.0 = Release|Any CPU
		{F1AC8E64-525D-4504-8C88-E9FAE3B1DD9B}.Debug|Any CPU.ActiveCfg = Debug|Any CPU
		{F1AC8E64-525D-4504-8C88-E9FAE3B1DD9B}.Debug|Any CPU.Build.0 = Debug|Any CPU
		{F1AC8E64-525D-4504-8C88-E9FAE3B1DD9B}.Release|Any CPU.ActiveCfg = Release|Any CPU
		{F1AC8E64-525D-4504-8C88-E9FAE3B1DD9B}.Release|Any CPU.Build.0 = Release|Any CPU
		{20305144-D4ED-40E0-8E48-CD6BB5F4B3D0}.Debug|Any CPU.ActiveCfg = Debug|Any CPU
		{20305144-D4ED-40E0-8E48-CD6BB5F4B3D0}.Debug|Any CPU.Build.0 = Debug|Any CPU
		{20305144-D4ED-40E0-8E48-CD6BB5F4B3D0}.Release|Any CPU.ActiveCfg = Release|Any CPU
		{20305144-D4ED-40E0-8E48-CD6BB5F4B3D0}.Release|Any CPU.Build.0 = Release|Any CPU
		{AAAE7245-42AE-4F28-8845-BF74A75A7D67}.Debug|Any CPU.ActiveCfg = Debug|Any CPU
		{AAAE7245-42AE-4F28-8845-BF74A75A7D67}.Debug|Any CPU.Build.0 = Debug|Any CPU
		{AAAE7245-42AE-4F28-8845-BF74A75A7D67}.Release|Any CPU.ActiveCfg = Release|Any CPU
		{AAAE7245-42AE-4F28-8845-BF74A75A7D67}.Release|Any CPU.Build.0 = Release|Any CPU
		{8E409890-1937-473E-907B-6EC1D4A1698F}.Debug|Any CPU.ActiveCfg = Debug|Any CPU
		{8E409890-1937-473E-907B-6EC1D4A1698F}.Debug|Any CPU.Build.0 = Debug|Any CPU
		{8E409890-1937-473E-907B-6EC1D4A1698F}.Release|Any CPU.ActiveCfg = Release|Any CPU
		{8E409890-1937-473E-907B-6EC1D4A1698F}.Release|Any CPU.Build.0 = Release|Any CPU
		{644A20C9-FC19-4363-AF3D-673894565642}.Debug|Any CPU.ActiveCfg = Debug|Any CPU
		{644A20C9-FC19-4363-AF3D-673894565642}.Debug|Any CPU.Build.0 = Debug|Any CPU
		{644A20C9-FC19-4363-AF3D-673894565642}.Release|Any CPU.ActiveCfg = Release|Any CPU
		{644A20C9-FC19-4363-AF3D-673894565642}.Release|Any CPU.Build.0 = Release|Any CPU
		{5E6F167B-1FA1-434D-8E81-46113DCACA40}.Debug|Any CPU.ActiveCfg = Debug|Any CPU
		{5E6F167B-1FA1-434D-8E81-46113DCACA40}.Debug|Any CPU.Build.0 = Debug|Any CPU
		{5E6F167B-1FA1-434D-8E81-46113DCACA40}.Release|Any CPU.ActiveCfg = Release|Any CPU
		{5E6F167B-1FA1-434D-8E81-46113DCACA40}.Release|Any CPU.Build.0 = Release|Any CPU
	EndGlobalSection
	GlobalSection(SolutionProperties) = preSolution
		HideSolutionNode = FALSE
	EndGlobalSection
	GlobalSection(NestedProjects) = preSolution
		{76664CA4-D6E9-4BBC-8F20-97979DE76464} = {4943CBEC-A4FC-4AF0-B805-C14C3B340299}
		{476C3772-F68A-45CA-8804-3B727981C89D} = {76664CA4-D6E9-4BBC-8F20-97979DE76464}
		{907F076C-0F67-43BC-AC16-FBFDF1D16A32} = {4943CBEC-A4FC-4AF0-B805-C14C3B340299}
		{DE7B7535-7C2E-4466-B6C3-7544CA44CC37} = {907F076C-0F67-43BC-AC16-FBFDF1D16A32}
		{888642E6-5E0D-4AD5-ACD9-A55227DA9B6C} = {4943CBEC-A4FC-4AF0-B805-C14C3B340299}
		{F37223A6-6339-4073-A7F9-2E4DC03EF34B} = {888642E6-5E0D-4AD5-ACD9-A55227DA9B6C}
		{91BF0318-1159-4B7F-B3A5-B1656FB65CDE} = {888642E6-5E0D-4AD5-ACD9-A55227DA9B6C}
		{4EB59AB9-1F8C-465D-8422-6E40A3CCD066} = {4943CBEC-A4FC-4AF0-B805-C14C3B340299}
		{AED2EA5C-75C4-4BDD-A279-3E2ADAD3450C} = {4EB59AB9-1F8C-465D-8422-6E40A3CCD066}
		{CAC30C25-4C9D-4F2A-B7DC-19751124D610} = {4EB59AB9-1F8C-465D-8422-6E40A3CCD066}
		{F1AC8E64-525D-4504-8C88-E9FAE3B1DD9B} = {4EB59AB9-1F8C-465D-8422-6E40A3CCD066}
		{20305144-D4ED-40E0-8E48-CD6BB5F4B3D0} = {4EB59AB9-1F8C-465D-8422-6E40A3CCD066}
		{AAAE7245-42AE-4F28-8845-BF74A75A7D67} = {D35DA615-B085-46CA-A1A6-57EE03D9A594}
		{8E409890-1937-473E-907B-6EC1D4A1698F} = {C57EBCEC-D3BF-4D07-9CF9-CC2CD530C7F3}
		{644A20C9-FC19-4363-AF3D-673894565642} = {C57EBCEC-D3BF-4D07-9CF9-CC2CD530C7F3}
		{5E6F167B-1FA1-434D-8E81-46113DCACA40} = {8EDA5780-8DA8-40AE-A8B3-51F52FC171AE}
	EndGlobalSection
	GlobalSection(ExtensibilityGlobals) = postSolution
		SolutionGuid = {B5A86D79-48CA-4898-A79C-469E62D39220}
	EndGlobalSection
EndGlobal
